
Microsoft Visual Studio Solution File, Format Version 12.00
# Visual Studio Version 17
VisualStudioVersion = 17.2.32630.192
MinimumVisualStudioVersion = 10.0.40219.1
Project("{9A19103F-16F7-4668-BE54-9A1E7A4F7556}") = "ZombieApocalypse", "ZombieApocalypse\ZombieApocalypse.csproj", "{0C0389C2-0162-4656-8A60-2D7BEEF4EE4E}"
EndProject
Global
	GlobalSection(SolutionConfigurationPlatforms) = preSolution
		Debug|Any CPU = Debug|Any CPU
		Release|Any CPU = Release|Any CPU
	EndGlobalSection
	GlobalSection(ProjectConfigurationPlatforms) = postSolution
		{0C0389C2-0162-4656-8A60-2D7BEEF4EE4E}.Debug|Any CPU.ActiveCfg = Debug|Any CPU
		{0C0389C2-0162-4656-8A60-2D7BEEF4EE4E}.Debug|Any CPU.Build.0 = Debug|Any CPU
		{0C0389C2-0162-4656-8A60-2D7BEEF4EE4E}.Release|Any CPU.ActiveCfg = Release|Any CPU
		{0C0389C2-0162-4656-8A60-2D7BEEF4EE4E}.Release|Any CPU.Build.0 = Release|Any CPU
	EndGlobalSection
	GlobalSection(SolutionProperties) = preSolution
		HideSolutionNode = FALSE
	EndGlobalSection
	GlobalSection(ExtensibilityGlobals) = postSolution
		SolutionGuid = {B5475C49-DC9C-4A60-8AAD-93A80B273F83}
	EndGlobalSection
EndGlobal
